// !$*UTF8*$!
{
	archiveVersion = 1;
	classes = {
	};
	objectVersion = 46;
	objects = {

/* Begin PBXBuildFile section */
		D97940041CD64F0D003E7EF1 /* main.m in Sources */ = {isa = PBXBuildFile; fileRef = D97940031CD64F0D003E7EF1 /* main.m */; };
		D97940071CD64F0D003E7EF1 /* AppDelegate.m in Sources */ = {isa = PBXBuildFile; fileRef = D97940061CD64F0D003E7EF1 /* AppDelegate.m */; };
		D979400F1CD64F0D003E7EF1 /* Assets.xcassets in Resources */ = {isa = PBXBuildFile; fileRef = D979400E1CD64F0D003E7EF1 /* Assets.xcassets */; };
		D979401C1CD64F3B003E7EF1 /* KillerViewController.m in Sources */ = {isa = PBXBuildFile; fileRef = D979401A1CD64F3B003E7EF1 /* KillerViewController.m */; };
		D979401D1CD64F3B003E7EF1 /* KillerViewController.xib in Resources */ = {isa = PBXBuildFile; fileRef = D979401B1CD64F3B003E7EF1 /* KillerViewController.xib */; };
/* End PBXBuildFile section */

/* Begin PBXFileReference section */
		D9793FFF1CD64F0D003E7EF1 /* killerDeletion.app */ = {isa = PBXFileReference; explicitFileType = wrapper.application; includeInIndex = 0; path = killerDeletion.app; sourceTree = BUILT_PRODUCTS_DIR; };
		D97940031CD64F0D003E7EF1 /* main.m */ = {isa = PBXFileReference; lastKnownFileType = sourcecode.c.objc; path = main.m; sourceTree = "<group>"; };
		D97940051CD64F0D003E7EF1 /* AppDelegate.h */ = {isa = PBXFileReference; lastKnownFileType = sourcecode.c.h; path = AppDelegate.h; sourceTree = "<group>"; };
		D97940061CD64F0D003E7EF1 /* AppDelegate.m */ = {isa = PBXFileReference; lastKnownFileType = sourcecode.c.objc; path = AppDelegate.m; sourceTree = "<group>"; };
		D979400E1CD64F0D003E7EF1 /* Assets.xcassets */ = {isa = PBXFileReference; lastKnownFileType = folder.assetcatalog; path = Assets.xcassets; sourceTree = "<group>"; };
		D97940131CD64F0D003E7EF1 /* Info.plist */ = {isa = PBXFileReference; lastKnownFileType = text.plist.xml; path = Info.plist; sourceTree = "<group>"; };
		D97940191CD64F3B003E7EF1 /* KillerViewController.h */ = {isa = PBXFileReference; fileEncoding = 4; lastKnownFileType = sourcecode.c.h; path = KillerViewController.h; sourceTree = "<group>"; };
		D979401A1CD64F3B003E7EF1 /* KillerViewController.m */ = {isa = PBXFileReference; fileEncoding = 4; lastKnownFileType = sourcecode.c.objc; path = KillerViewController.m; sourceTree = "<group>"; };
		D979401B1CD64F3B003E7EF1 /* KillerViewController.xib */ = {isa = PBXFileReference; fileEncoding = 4; lastKnownFileType = file.xib; path = KillerViewController.xib; sourceTree = "<group>"; };
/* End PBXFileReference section */

/* Begin PBXFrameworksBuildPhase section */
		D9793FFC1CD64F0D003E7EF1 /* Frameworks */ = {
			isa = PBXFrameworksBuildPhase;
			buildActionMask = 2147483647;
			files = (
			);
			runOnlyForDeploymentPostprocessing = 0;
		};
/* End PBXFrameworksBuildPhase section */

/* Begin PBXGroup section */
		D9793FF61CD64F0D003E7EF1 = {
			isa = PBXGroup;
			children = (
				D97940011CD64F0D003E7EF1 /* killerDeletion */,
				D97940001CD64F0D003E7EF1 /* Products */,
			);
			sourceTree = "<group>";
		};
		D97940001CD64F0D003E7EF1 /* Products */ = {
			isa = PBXGroup;
			children = (
				D9793FFF1CD64F0D003E7EF1 /* killerDeletion.app */,
			);
			name = Products;
			sourceTree = "<group>";
		};
		D97940011CD64F0D003E7EF1 /* killerDeletion */ = {
			isa = PBXGroup;
			children = (
				D97940051CD64F0D003E7EF1 /* AppDelegate.h */,
				D97940061CD64F0D003E7EF1 /* AppDelegate.m */,
				D979400E1CD64F0D003E7EF1 /* Assets.xcassets */,
				D97940131CD64F0D003E7EF1 /* Info.plist */,
				D97940021CD64F0D003E7EF1 /* Supporting Files */,
				D97940191CD64F3B003E7EF1 /* KillerViewController.h */,
				D979401A1CD64F3B003E7EF1 /* KillerViewController.m */,
				D979401B1CD64F3B003E7EF1 /* KillerViewController.xib */,
			);
			path = killerDeletion;
			sourceTree = "<group>";
		};
		D97940021CD64F0D003E7EF1 /* Supporting Files */ = {
			isa = PBXGroup;
			children = (
				D97940031CD64F0D003E7EF1 /* main.m */,
			);
			name = "Supporting Files";
			sourceTree = "<group>";
		};
/* End PBXGroup section */

/* Begin PBXNativeTarget section */
		D9793FFE1CD64F0D003E7EF1 /* killerDeletion */ = {
			isa = PBXNativeTarget;
			buildConfigurationList = D97940161CD64F0D003E7EF1 /* Build configuration list for PBXNativeTarget "killerDeletion" */;
			buildPhases = (
				D9793FFB1CD64F0D003E7EF1 /* Sources */,
				D9793FFC1CD64F0D003E7EF1 /* Frameworks */,
				D9793FFD1CD64F0D003E7EF1 /* Resources */,
			);
			buildRules = (
			);
			dependencies = (
			);
			name = killerDeletion;
			productName = killerDeletion;
			productReference = D9793FFF1CD64F0D003E7EF1 /* killerDeletion.app */;
			productType = "com.apple.product-type.application";
		};
/* End PBXNativeTarget section */

/* Begin PBXProject section */
		D9793FF71CD64F0D003E7EF1 /* Project object */ = {
			isa = PBXProject;
			attributes = {
				LastUpgradeCheck = 0730;
				ORGANIZATIONNAME = WWDC;
				TargetAttributes = {
					D9793FFE1CD64F0D003E7EF1 = {
						CreatedOnToolsVersion = 7.3;
					};
				};
			};
			buildConfigurationList = D9793FFA1CD64F0D003E7EF1 /* Build configuration list for PBXProject "killerDeletion" */;
			compatibilityVersion = "Xcode 3.2";
			developmentRegion = English;
			hasScannedForEncodings = 0;
			knownRegions = (
				en,
				Base,
			);
			mainGroup = D9793FF61CD64F0D003E7EF1;
			productRefGroup = D97940001CD64F0D003E7EF1 /* Products */;
			projectDirPath = "";
			projectRoot = "";
			targets = (
				D9793FFE1CD64F0D003E7EF1 /* killerDeletion */,
			);
		};
/* End PBXProject section */

/* Begin PBXResourcesBuildPhase section */
		D9793FFD1CD64F0D003E7EF1 /* Resources */ = {
			isa = PBXResourcesBuildPhase;
			buildActionMask = 2147483647;
			files = (
				D979401D1CD64F3B003E7EF1 /* KillerViewController.xib in Resources */,
				D979400F1CD64F0D003E7EF1 /* Assets.xcassets in Resources */,
			);
			runOnlyForDeploymentPostprocessing = 0;
		};
/* End PBXResourcesBuildPhase section */

/* Begin PBXSourcesBuildPhase section */
		D9793FFB1CD64F0D003E7EF1 /* Sources */ = {
			isa = PBXSourcesBuildPhase;
			buildActionMask = 2147483647;
			files = (
				D979401C1CD64F3B003E7EF1 /* KillerViewController.m in Sources */,
				D97940071CD64F0D003E7EF1 /* AppDelegate.m in Sources */,
				D97940041CD64F0D003E7EF1 /* main.m in Sources */,
			);
			runOnlyForDeploymentPostprocessing = 0;
		};
/* End PBXSourcesBuildPhase section */

/* Begin XCBuildConfiguration section */
		D97940141CD64F0D003E7EF1 /* Debug */ = {
			isa = XCBuildConfiguration;
			buildSettings = {
				ALWAYS_SEARCH_USER_PATHS = NO;
				CLANG_ANALYZER_NONNULL = YES;
				CLANG_CXX_LANGUAGE_STANDARD = "gnu++0x";
				CLANG_CXX_LIBRARY = "libc++";
				CLANG_ENABLE_MODULES = YES;
				CLANG_ENABLE_OBJC_ARC = YES;
				CLANG_WARN_BOOL_CONVERSION = YES;
				CLANG_WARN_CONSTANT_CONVERSION = YES;
				CLANG_WARN_DIRECT_OBJC_ISA_USAGE = YES_ERROR;
				CLANG_WARN_EMPTY_BODY = YES;
				CLANG_WARN_ENUM_CONVERSION = YES;
				CLANG_WARN_INT_CONVERSION = YES;
				CLANG_WARN_OBJC_ROOT_CLASS = YES_ERROR;
				CLANG_WARN_UNREACHABLE_CODE = YES;
				CLANG_WARN__DUPLICATE_METHOD_MATCH = YES;
				"CODE_SIGN_IDENTITY[sdk=iphoneos*]" = "iPhone Developer";
				COPY_PHASE_STRIP = NO;
				DEBUG_INFORMATION_FORMAT = dwarf;
				ENABLE_STRICT_OBJC_MSGSEND = YES;
				ENABLE_TESTABILITY = YES;
				GCC_C_LANGUAGE_STANDARD = gnu99;
				GCC_DYNAMIC_NO_PIC = NO;
				GCC_NO_COMMON_BLOCKS = YES;
				GCC_OPTIMIZATION_LEVEL = 0;
				GCC_PREPROCESSOR_DEFINITIONS = (
					"DEBUG=1",
					"$(inherited)",
				);
				GCC_WARN_64_TO_32_BIT_CONVERSION = YES;
				GCC_WARN_ABOUT_RETURN_TYPE = YES_ERROR;
				GCC_WARN_UNDECLARED_SELECTOR = YES;
				GCC_WARN_UNINITIALIZED_AUTOS = YES_AGGRESSIVE;
				GCC_WARN_UNUSED_FUNCTION = YES;
				GCC_WARN_UNUSED_VARIABLE = YES;
				IPHONEOS_DEPLOYMENT_TARGET = 9.3;
				MTL_ENABLE_DEBUG_INFO = YES;
				ONLY_ACTIVE_ARCH = YES;
				SDKROOT = iphoneos;
			};
			name = Debug;
		};
		D97940151CD64F0D003E7EF1 /* Release */ = {
			isa = XCBuildConfiguration;
			buildSettings = {
				ALWAYS_SEARCH_USER_PATHS = NO;
				CLANG_ANALYZER_NONNULL = YES;
				CLANG_CXX_LANGUAGE_STANDARD = "gnu++0x";
				CLANG_CXX_LIBRARY = "libc++";
				CLANG_ENABLE_MODULES = YES;
				CLANG_ENABLE_OBJC_ARC = YES;
				CLANG_WARN_BOOL_CONVERSION = YES;
				CLANG_WARN_CONSTANT_CONVERSION = YES;
				CLANG_WARN_DIRECT_OBJC_ISA_USAGE = YES_ERROR;
				CLANG_WARN_EMPTY_BODY = YES;
				CLANG_WARN_ENUM_CONVERSION = YES;
				CLANG_WARN_INT_CONVERSION = YES;
				CLANG_WARN_OBJC_ROOT_CLASS = YES_ERROR;
				CLANG_WARN_UNREACHABLE_CODE = YES;
				CLANG_WARN__DUPLICATE_METHOD_MATCH = YES;
				"CODE_SIGN_IDENTITY[sdk=iphoneos*]" = "iPhone Developer";
				COPY_PHASE_STRIP = NO;
				DEBUG_INFORMATION_FORMAT = "dwarf-with-dsym";
				ENABLE_NS_ASSERTIONS = NO;
				ENABLE_STRICT_OBJC_MSGSEND = YES;
				GCC_C_LANGUAGE_STANDARD = gnu99;
				GCC_NO_COMMON_BLOCKS = YES;
				GCC_WARN_64_TO_32_BIT_CONVERSION = YES;
				GCC_WARN_ABOUT_RETURN_TYPE = YES_ERROR;
				GCC_WARN_UNDECLARED_SELECTOR = YES;
				GCC_WARN_UNINITIALIZED_AUTOS = YES_AGGRESSIVE;
				GCC_WARN_UNUSED_FUNCTION = YES;
				GCC_WARN_UNUSED_VARIABLE = YES;
				IPHONEOS_DEPLOYMENT_TARGET = 9.3;
				MTL_ENABLE_DEBUG_INFO = NO;
				SDKROOT = iphoneos;
				VALIDATE_PRODUCT = YES;
			};
			name = Release;
		};
		D97940171CD64F0D003E7EF1 /* Debug */ = {
			isa = XCBuildConfiguration;
			buildSettings = {
				ASSETCATALOG_COMPILER_APPICON_NAME = AppIcon;
				INFOPLIST_FILE = killerDeletion/Info.plist;
				LD_RUNPATH_SEARCH_PATHS = "$(inherited) @executable_path/Frameworks";
				PRODUCT_BUNDLE_IDENTIFIER = com.kumar.killerDeletion;
				PRODUCT_NAME = "$(TARGET_NAME)";
			};
			name = Debug;
		};
		D97940181CD64F0D003E7EF1 /* Release */ = {
			isa = XCBuildConfiguration;
			buildSettings = {
				ASSETCATALOG_COMPILER_APPICON_NAME = AppIcon;
				INFOPLIST_FILE = killerDeletion/Info.plist;
				LD_RUNPATH_SEARCH_PATHS = "$(inherited) @executable_path/Frameworks";
				PRODUCT_BUNDLE_IDENTIFIER = com.kumar.killerDeletion;
				PRODUCT_NAME = "$(TARGET_NAME)";
			};
			name = Release;
		};
/* End XCBuildConfiguration section */

/* Begin XCConfigurationList section */
		D9793FFA1CD64F0D003E7EF1 /* Build configuration list for PBXProject "killerDeletion" */ = {
			isa = XCConfigurationList;
			buildConfigurations = (
				D97940141CD64F0D003E7EF1 /* Debug */,
				D97940151CD64F0D003E7EF1 /* Release */,
			);
			defaultConfigurationIsVisible = 0;
			defaultConfigurationName = Release;
		};
		D97940161CD64F0D003E7EF1 /* Build configuration list for PBXNativeTarget "killerDeletion" */ = {
			isa = XCConfigurationList;
			buildConfigurations = (
				D97940171CD64F0D003E7EF1 /* Debug */,
				D97940181CD64F0D003E7EF1 /* Release */,
			);
			defaultConfigurationIsVisible = 0;
		};
/* End XCConfigurationList section */
	};
	rootObject = D9793FF71CD64F0D003E7EF1 /* Project object */;
}
